{
  "name": "day-4",
  "lockfileVersion": 2,
  "requires": true,
  "packages": {
    "": {
      "dependencies": {
        "rollbar": "^2.25.0"
      }
    },
    "node_modules/async": {
      "version": "3.2.3",
      "resolved": "https://registry.npmjs.org/async/-/async-3.2.3.tgz",
      "integrity": "sha512-spZRyzKL5l5BZQrr/6m/SqFdBN0q3OCI0f9rjfBzCMBIP4p75P620rR3gTmaksNOhmzgdxcaxdNfMy6anrbM0g=="
    },
    "node_modules/console-polyfill": {
      "version": "0.3.0",
      "resolved": "https://registry.npmjs.org/console-polyfill/-/console-polyfill-0.3.0.tgz",
      "integrity": "sha512-w+JSDZS7XML43Xnwo2x5O5vxB0ID7T5BdqDtyqT6uiCAX2kZAgcWxNaGqT97tZfSHzfOcvrfsDAodKcJ3UvnXQ=="
    },
    "node_modules/decache": {
      "version": "3.1.0",
      "resolved": "https://registry.npmjs.org/decache/-/decache-3.1.0.tgz",
      "integrity": "sha1-T1A2+9ZYH8yXI3rDlUokS5U2wto=",
      "optional": true,
      "dependencies": {
        "find": "^0.2.4"
      }
    },
    "node_modules/error-stack-parser": {
      "version": "2.0.7",
      "resolved": "https://registry.npmjs.org/error-stack-parser/-/error-stack-parser-2.0.7.tgz",
      "integrity": "sha512-chLOW0ZGRf4s8raLrDxa5sdkvPec5YdvwbFnqJme4rk0rFajP8mPtrDL1+I+CwrQDCjswDA5sREX7jYQDQs9vA==",
      "dependencies": {
        "stackframe": "^1.1.1"
      }
    },
    "node_modules/find": {
      "version": "0.2.9",
      "resolved": "https://registry.npmjs.org/find/-/find-0.2.9.tgz",
      "integrity": "sha1-S3Px/55WrZG3bnFkB/5f/mVUu4w=",
      "optional": true,
      "dependencies": {
        "traverse-chain": "~0.1.0"
      }
    },
    "node_modules/is_js": {
      "version": "0.9.0",
      "resolved": "https://registry.npmjs.org/is_js/-/is_js-0.9.0.tgz",
      "integrity": "sha1-CrlFQFArp6+iTIVqqYVWFmnpxS0="
    },
    "node_modules/json-stringify-safe": {
      "version": "5.0.1",
      "resolved": "https://registry.npmjs.org/json-stringify-safe/-/json-stringify-safe-5.0.1.tgz",
      "integrity": "sha1-Epai1Y/UXxmg9s4B1lcB4sc1tus="
    },
    "node_modules/lru-cache": {
      "version": "2.2.4",
      "resolved": "https://registry.npmjs.org/lru-cache/-/lru-cache-2.2.4.tgz",
      "integrity": "sha1-bGWGGb7PFAMdDQtZSxYELOTcBj0="
    },
    "node_modules/request-ip": {
      "version": "2.0.2",
      "resolved": "https://registry.npmjs.org/request-ip/-/request-ip-2.0.2.tgz",
      "integrity": "sha1-3urm1K8hdoSX24zQX6NxQ/jxJX4=",
      "dependencies": {
        "is_js": "^0.9.0"
      }
    },
    "node_modules/rollbar": {
      "version": "2.25.0",
      "resolved": "https://registry.npmjs.org/rollbar/-/rollbar-2.25.0.tgz",
      "integrity": "sha512-mytaGBKAeDkqb/sKXFLQ5eWWw9zzpFRGfPruUWN84AJF+Nwgo8BdGC0CVaHclvHzGImp+seLoKk1NQprU96c4w==",
      "dependencies": {
        "async": "~3.2.3",
        "console-polyfill": "0.3.0",
        "error-stack-parser": "^2.0.4",
        "json-stringify-safe": "~5.0.0",
        "lru-cache": "~2.2.1",
        "request-ip": "~2.0.1",
        "source-map": "^0.5.7"
      },
      "optionalDependencies": {
        "decache": "^3.0.5"
      }
    },
    "node_modules/source-map": {
      "version": "0.5.7",
      "resolved": "https://registry.npmjs.org/source-map/-/source-map-0.5.7.tgz",
      "integrity": "sha1-igOdLRAh0i0eoUyA2OpGi6LvP8w=",
      "engines": {
        "node": ">=0.10.0"
      }
    },
    "node_modules/stackframe": {
      "version": "1.2.1",
      "resolved": "https://registry.npmjs.org/stackframe/-/stackframe-1.2.1.tgz",
      "integrity": "sha512-h88QkzREN/hy8eRdyNhhsO7RSJ5oyTqxxmmn0dzBIMUclZsjpfmrsg81vp8mjjAs2vAZ72nyWxRUwSwmh0e4xg=="
    },
    "node_modules/traverse-chain": {
      "version": "0.1.0",
      "resolved": "https://registry.npmjs.org/traverse-chain/-/traverse-chain-0.1.0.tgz",
      "integrity": "sha1-YdvC1Ttp/2CRoSoWj9fUMxB+QPE=",
      "optional": true
    }
  },
  "dependencies": {
    "async": {
      "version": "3.2.3",
      "resolved": "https://registry.npmjs.org/async/-/async-3.2.3.tgz",
      "integrity": "sha512-spZRyzKL5l5BZQrr/6m/SqFdBN0q3OCI0f9rjfBzCMBIP4p75P620rR3gTmaksNOhmzgdxcaxdNfMy6anrbM0g=="
    },
    "console-polyfill": {
      "version": "0.3.0",
      "resolved": "https://registry.npmjs.org/console-polyfill/-/console-polyfill-0.3.0.tgz",
      "integrity": "sha512-w+JSDZS7XML43Xnwo2x5O5vxB0ID7T5BdqDtyqT6uiCAX2kZAgcWxNaGqT97tZfSHzfOcvrfsDAodKcJ3UvnXQ=="
    },
    "decache": {
      "version": "3.1.0",
      "resolved": "https://registry.npmjs.org/decache/-/decache-3.1.0.tgz",
      "integrity": "sha1-T1A2+9ZYH8yXI3rDlUokS5U2wto=",
      "optional": true,
      "requires": {
        "find": "^0.2.4"
      }
    },
    "error-stack-parser": {
      "version": "2.0.7",
      "resolved": "https://registry.npmjs.org/error-stack-parser/-/error-stack-parser-2.0.7.tgz",
      "integrity": "sha512-chLOW0ZGRf4s8raLrDxa5sdkvPec5YdvwbFnqJme4rk0rFajP8mPtrDL1+I+CwrQDCjswDA5sREX7jYQDQs9vA==",
      "requires": {
        "stackframe": "^1.1.1"
      }
    },
    "find": {
      "version": "0.2.9",
      "resolved": "https://registry.npmjs.org/find/-/find-0.2.9.tgz",
      "integrity": "sha1-S3Px/55WrZG3bnFkB/5f/mVUu4w=",
      "optional": true,
      "requires": {
        "traverse-chain": "~0.1.0"
      }
    },
    "is_js": {
      "version": "0.9.0",
      "resolved": "https://registry.npmjs.org/is_js/-/is_js-0.9.0.tgz",
      "integrity": "sha1-CrlFQFArp6+iTIVqqYVWFmnpxS0="
    },
    "json-stringify-safe": {
      "version": "5.0.1",
      "resolved": "https://registry.npmjs.org/json-stringify-safe/-/json-stringify-safe-5.0.1.tgz",
      "integrity": "sha1-Epai1Y/UXxmg9s4B1lcB4sc1tus="
    },
    "lru-cache": {
      "version": "2.2.4",
      "resolved": "https://registry.npmjs.org/lru-cache/-/lru-cache-2.2.4.tgz",
      "integrity": "sha1-bGWGGb7PFAMdDQtZSxYELOTcBj0="
    },
    "request-ip": {
      "version": "2.0.2",
      "resolved": "https://registry.npmjs.org/request-ip/-/request-ip-2.0.2.tgz",
      "integrity": "sha1-3urm1K8hdoSX24zQX6NxQ/jxJX4=",
      "requires": {
        "is_js": "^0.9.0"
      }
    },
    "rollbar": {
      "version": "2.25.0",
      "resolved": "https://registry.npmjs.org/rollbar/-/rollbar-2.25.0.tgz",
      "integrity": "sha512-mytaGBKAeDkqb/sKXFLQ5eWWw9zzpFRGfPruUWN84AJF+Nwgo8BdGC0CVaHclvHzGImp+seLoKk1NQprU96c4w==",
      "requires": {
        "async": "~3.2.3",
        "console-polyfill": "0.3.0",
        "decache": "^3.0.5",
        "error-stack-parser": "^2.0.4",
        "json-stringify-safe": "~5.0.0",
        "lru-cache": "~2.2.1",
        "request-ip": "~2.0.1",
        "source-map": "^0.5.7"
      }
    },
    "source-map": {
      "version": "0.5.7",
      "resolved": "https://registry.npmjs.org/source-map/-/source-map-0.5.7.tgz",
      "integrity": "sha1-igOdLRAh0i0eoUyA2OpGi6LvP8w="
    },
    "stackframe": {
      "version": "1.2.1",
      "resolved": "https://registry.npmjs.org/stackframe/-/stackframe-1.2.1.tgz",
      "integrity": "sha512-h88QkzREN/hy8eRdyNhhsO7RSJ5oyTqxxmmn0dzBIMUclZsjpfmrsg81vp8mjjAs2vAZ72nyWxRUwSwmh0e4xg=="
    },
    "traverse-chain": {
      "version": "0.1.0",
      "resolved": "https://registry.npmjs.org/traverse-chain/-/traverse-chain-0.1.0.tgz",
      "integrity": "sha1-YdvC1Ttp/2CRoSoWj9fUMxB+QPE=",
      "optional": true
    }
  }
}
